
Microsoft Visual Studio Solution File, Format Version 12.00
# Visual Studio 15
VisualStudioVersion = 15.0.28307.572
MinimumVisualStudioVersion = 10.0.40219.1
Project("{FAE04EC0-301F-11D3-BF4B-00C04F79EFBC}") = "BilgeAdam.Core", "BilgeAdam.Core\BilgeAdam.Core.csproj", "{115EF753-34C7-40A2-A754-C75976C3ABFA}"
EndProject
Project("{FAE04EC0-301F-11D3-BF4B-00C04F79EFBC}") = "BilgeAdam.Client", "BilgeAdam.Client\BilgeAdam.Client.csproj", "{A67BD6E7-ADD9-4588-A966-BBEA1CBBE6E1}"
EndProject
Project("{FAE04EC0-301F-11D3-BF4B-00C04F79EFBC}") = "BilgeAdam.Entities", "BilgeAdam.Entities\BilgeAdam.Entities.csproj", "{B8B3D17C-EB4B-43F0-873D-BCF90301542C}"
EndProject
Project("{FAE04EC0-301F-11D3-BF4B-00C04F79EFBC}") = "BilgeAdam.Business", "BilgeAdam.Business\BilgeAdam.Business.csproj", "{1EAB493F-A672-4058-AEA6-BA6448DFC605}"
EndProject
Project("{FAE04EC0-301F-11D3-BF4B-00C04F79EFBC}") = "BilgeAdam.DataTransferObjects", "BilgeAdam.DataTransferObjects\BilgeAdam.DataTransferObjects.csproj", "{9C1D9BAD-9438-42E7-B44C-266F732766AD}"
EndProject
Project("{FAE04EC0-301F-11D3-BF4B-00C04F79EFBC}") = "BilgeAdam.Enums", "BilgeAdam.Enums\BilgeAdam.Enums.csproj", "{05AFA501-4A99-4928-B580-09C2999C794F}"
EndProject
Project("{2150E333-8FDC-42A3-9474-1A3956D46DE8}") = "Solution Items", "Solution Items", "{01C88377-829A-4EAC-A2EF-BDFC36752627}"
	ProjectSection(SolutionItems) = preProject
		Migration.txt = Migration.txt
	EndProjectSection
EndProject
Global
	GlobalSection(SolutionConfigurationPlatforms) = preSolution
		Debug|Any CPU = Debug|Any CPU
		Release|Any CPU = Release|Any CPU
	EndGlobalSection
	GlobalSection(ProjectConfigurationPlatforms) = postSolution
		{115EF753-34C7-40A2-A754-C75976C3ABFA}.Debug|Any CPU.ActiveCfg = Debug|Any CPU
		{115EF753-34C7-40A2-A754-C75976C3ABFA}.Debug|Any CPU.Build.0 = Debug|Any CPU
		{115EF753-34C7-40A2-A754-C75976C3ABFA}.Release|Any CPU.ActiveCfg = Release|Any CPU
		{115EF753-34C7-40A2-A754-C75976C3ABFA}.Release|Any CPU.Build.0 = Release|Any CPU
		{A67BD6E7-ADD9-4588-A966-BBEA1CBBE6E1}.Debug|Any CPU.ActiveCfg = Debug|Any CPU
		{A67BD6E7-ADD9-4588-A966-BBEA1CBBE6E1}.Debug|Any CPU.Build.0 = Debug|Any CPU
		{A67BD6E7-ADD9-4588-A966-BBEA1CBBE6E1}.Release|Any CPU.ActiveCfg = Release|Any CPU
		{A67BD6E7-ADD9-4588-A966-BBEA1CBBE6E1}.Release|Any CPU.Build.0 = Release|Any CPU
		{B8B3D17C-EB4B-43F0-873D-BCF90301542C}.Debug|Any CPU.ActiveCfg = Debug|Any CPU
		{B8B3D17C-EB4B-43F0-873D-BCF90301542C}.Debug|Any CPU.Build.0 = Debug|Any CPU
		{B8B3D17C-EB4B-43F0-873D-BCF90301542C}.Release|Any CPU.ActiveCfg = Release|Any CPU
		{B8B3D17C-EB4B-43F0-873D-BCF90301542C}.Release|Any CPU.Build.0 = Release|Any CPU
		{1EAB493F-A672-4058-AEA6-BA6448DFC605}.Debug|Any CPU.ActiveCfg = Debug|Any CPU
		{1EAB493F-A672-4058-AEA6-BA6448DFC605}.Debug|Any CPU.Build.0 = Debug|Any CPU
		{1EAB493F-A672-4058-AEA6-BA6448DFC605}.Release|Any CPU.ActiveCfg = Release|Any CPU
		{1EAB493F-A672-4058-AEA6-BA6448DFC605}.Release|Any CPU.Build.0 = Release|Any CPU
		{9C1D9BAD-9438-42E7-B44C-266F732766AD}.Debug|Any CPU.ActiveCfg = Debug|Any CPU
		{9C1D9BAD-9438-42E7-B44C-266F732766AD}.Debug|Any CPU.Build.0 = Debug|Any CPU
		{9C1D9BAD-9438-42E7-B44C-266F732766AD}.Release|Any CPU.ActiveCfg = Release|Any CPU
		{9C1D9BAD-9438-42E7-B44C-266F732766AD}.Release|Any CPU.Build.0 = Release|Any CPU
		{05AFA501-4A99-4928-B580-09C2999C794F}.Debug|Any CPU.ActiveCfg = Debug|Any CPU
		{05AFA501-4A99-4928-B580-09C2999C794F}.Debug|Any CPU.Build.0 = Debug|Any CPU
		{05AFA501-4A99-4928-B580-09C2999C794F}.Release|Any CPU.ActiveCfg = Release|Any CPU
		{05AFA501-4A99-4928-B580-09C2999C794F}.Release|Any CPU.Build.0 = Release|Any CPU
	EndGlobalSection
	GlobalSection(SolutionProperties) = preSolution
		HideSolutionNode = FALSE
	EndGlobalSection
	GlobalSection(ExtensibilityGlobals) = postSolution
		SolutionGuid = {F472E0BD-C3D0-4740-9A71-03FA233F4E1D}
	EndGlobalSection
EndGlobal
